
Microsoft Visual Studio Solution File, Format Version 12.00
# Visual Studio Version 17
VisualStudioVersion = 17.14.36908.2
MinimumVisualStudioVersion = 10.0.40219.1
Project("{2150E333-8FDC-42A3-9474-1A3956D46DE8}") = "src", "src", "{02EA681E-C7D8-13C7-8484-4AC65E1B71E8}"
EndProject
Project("{2150E333-8FDC-42A3-9474-1A3956D46DE8}") = "tests", "tests", "{83D2380A-54B6-421B-B6F9-1C7CEEBA522A}"
EndProject
Project("{FAE04EC0-301F-11D3-BF4B-00C04F79EFBC}") = "Vegetarian.API", "src\Vegetarian.API\Vegetarian.API.csproj", "{23012889-9F7C-C99F-FB1E-CE9B5C36D7C3}"
EndProject
Project("{FAE04EC0-301F-11D3-BF4B-00C04F79EFBC}") = "Vegetarian.Application", "src\Vegetarian.Application\Vegetarian.Application.csproj", "{16701E90-C958-6ED1-DD1A-A343DA9229BE}"
EndProject
Project("{FAE04EC0-301F-11D3-BF4B-00C04F79EFBC}") = "Vegetarian.Domain", "src\Vegetarian.Domain\Vegetarian.Domain.csproj", "{BFBE7D49-87E3-42B0-CDD8-59E9259C6DCA}"
EndProject
Project("{FAE04EC0-301F-11D3-BF4B-00C04F79EFBC}") = "Vegetarian.Infrastructure", "src\Vegetarian.Infastructure\Vegetarian.Infrastructure.csproj", "{CFCF6305-188E-8E06-DEF9-06411BDAC822}"
EndProject
Project("{FAE04EC0-301F-11D3-BF4B-00C04F79EFBC}") = "Vegetarian.Application.UnitTest", "tests\Vegetarian.Application.UnitTest\Vegetarian.Application.UnitTest.csproj", "{4E22AA85-9B85-C7E0-B9B8-175BDB775FAC}"
EndProject
Project("{E53339B2-1760-4266-BCC7-CA923CBCF16C}") = "docker-compose", "docker-compose.dcproj", "{81DDED9D-158B-E303-5F62-77A2896D2A5A}"
EndProject
Global
	GlobalSection(SolutionConfigurationPlatforms) = preSolution
		Debug|Any CPU = Debug|Any CPU
		Release|Any CPU = Release|Any CPU
	EndGlobalSection
	GlobalSection(ProjectConfigurationPlatforms) = postSolution
		{23012889-9F7C-C99F-FB1E-CE9B5C36D7C3}.Debug|Any CPU.ActiveCfg = Debug|Any CPU
		{23012889-9F7C-C99F-FB1E-CE9B5C36D7C3}.Debug|Any CPU.Build.0 = Debug|Any CPU
		{23012889-9F7C-C99F-FB1E-CE9B5C36D7C3}.Release|Any CPU.ActiveCfg = Release|Any CPU
		{23012889-9F7C-C99F-FB1E-CE9B5C36D7C3}.Release|Any CPU.Build.0 = Release|Any CPU
		{16701E90-C958-6ED1-DD1A-A343DA9229BE}.Debug|Any CPU.ActiveCfg = Debug|Any CPU
		{16701E90-C958-6ED1-DD1A-A343DA9229BE}.Debug|Any CPU.Build.0 = Debug|Any CPU
		{16701E90-C958-6ED1-DD1A-A343DA9229BE}.Release|Any CPU.ActiveCfg = Release|Any CPU
		{16701E90-C958-6ED1-DD1A-A343DA9229BE}.Release|Any CPU.Build.0 = Release|Any CPU
		{BFBE7D49-87E3-42B0-CDD8-59E9259C6DCA}.Debug|Any CPU.ActiveCfg = Debug|Any CPU
		{BFBE7D49-87E3-42B0-CDD8-59E9259C6DCA}.Debug|Any CPU.Build.0 = Debug|Any CPU
		{BFBE7D49-87E3-42B0-CDD8-59E9259C6DCA}.Release|Any CPU.ActiveCfg = Release|Any CPU
		{BFBE7D49-87E3-42B0-CDD8-59E9259C6DCA}.Release|Any CPU.Build.0 = Release|Any CPU
		{CFCF6305-188E-8E06-DEF9-06411BDAC822}.Debug|Any CPU.ActiveCfg = Debug|Any CPU
		{CFCF6305-188E-8E06-DEF9-06411BDAC822}.Debug|Any CPU.Build.0 = Debug|Any CPU
		{CFCF6305-188E-8E06-DEF9-06411BDAC822}.Release|Any CPU.ActiveCfg = Release|Any CPU
		{CFCF6305-188E-8E06-DEF9-06411BDAC822}.Release|Any CPU.Build.0 = Release|Any CPU
		{4E22AA85-9B85-C7E0-B9B8-175BDB775FAC}.Debug|Any CPU.ActiveCfg = Debug|Any CPU
		{4E22AA85-9B85-C7E0-B9B8-175BDB775FAC}.Debug|Any CPU.Build.0 = Debug|Any CPU
		{4E22AA85-9B85-C7E0-B9B8-175BDB775FAC}.Release|Any CPU.ActiveCfg = Release|Any CPU
		{4E22AA85-9B85-C7E0-B9B8-175BDB775FAC}.Release|Any CPU.Build.0 = Release|Any CPU
		{81DDED9D-158B-E303-5F62-77A2896D2A5A}.Debug|Any CPU.ActiveCfg = Debug|Any CPU
		{81DDED9D-158B-E303-5F62-77A2896D2A5A}.Debug|Any CPU.Build.0 = Debug|Any CPU
		{81DDED9D-158B-E303-5F62-77A2896D2A5A}.Release|Any CPU.ActiveCfg = Release|Any CPU
		{81DDED9D-158B-E303-5F62-77A2896D2A5A}.Release|Any CPU.Build.0 = Release|Any CPU
	EndGlobalSection
	GlobalSection(SolutionProperties) = preSolution
		HideSolutionNode = FALSE
	EndGlobalSection
	GlobalSection(NestedProjects) = preSolution
		{23012889-9F7C-C99F-FB1E-CE9B5C36D7C3} = {02EA681E-C7D8-13C7-8484-4AC65E1B71E8}
		{16701E90-C958-6ED1-DD1A-A343DA9229BE} = {02EA681E-C7D8-13C7-8484-4AC65E1B71E8}
		{BFBE7D49-87E3-42B0-CDD8-59E9259C6DCA} = {02EA681E-C7D8-13C7-8484-4AC65E1B71E8}
		{CFCF6305-188E-8E06-DEF9-06411BDAC822} = {02EA681E-C7D8-13C7-8484-4AC65E1B71E8}
		{4E22AA85-9B85-C7E0-B9B8-175BDB775FAC} = {83D2380A-54B6-421B-B6F9-1C7CEEBA522A}
	EndGlobalSection
	GlobalSection(ExtensibilityGlobals) = postSolution
		SolutionGuid = {A3A93AEF-FDF0-4AC8-976C-67D8EFBF994A}
	EndGlobalSection
EndGlobal
